// !$*UTF8*$!
{
	archiveVersion = 1;
	classes = {
	};
	objectVersion = 46;
	objects = {

/* Begin PBXBuildFile section */
		EEE30DCF1DDB88A2004172AE /* main.m in Sources */ = {isa = PBXBuildFile; fileRef = EEE30DCE1DDB88A2004172AE /* main.m */; };
		EEE30DD21DDB88A2004172AE /* AppDelegate.m in Sources */ = {isa = PBXBuildFile; fileRef = EEE30DD11DDB88A2004172AE /* AppDelegate.m */; };
		EEE30DD51DDB88A2004172AE /* ViewController.m in Sources */ = {isa = PBXBuildFile; fileRef = EEE30DD41DDB88A2004172AE /* ViewController.m */; };
		EEE30DD81DDB88A2004172AE /* Main.storyboard in Resources */ = {isa = PBXBuildFile; fileRef = EEE30DD61DDB88A2004172AE /* Main.storyboard */; };
		EEE30DDA1DDB88A2004172AE /* Assets.xcassets in Resources */ = {isa = PBXBuildFile; fileRef = EEE30DD91DDB88A2004172AE /* Assets.xcassets */; };
		EEE30DDD1DDB88A2004172AE /* LaunchScreen.storyboard in Resources */ = {isa = PBXBuildFile; fileRef = EEE30DDB1DDB88A2004172AE /* LaunchScreen.storyboard */; };
/* End PBXBuildFile section */

/* Begin PBXFileReference section */
		EEE30DCA1DDB88A2004172AE /* Acronym.app */ = {isa = PBXFileReference; explicitFileType = wrapper.application; includeInIndex = 0; path = Acronym.app; sourceTree = BUILT_PRODUCTS_DIR; };
		EEE30DCE1DDB88A2004172AE /* main.m */ = {isa = PBXFileReference; lastKnownFileType = sourcecode.c.objc; path = main.m; sourceTree = "<group>"; };
		EEE30DD01DDB88A2004172AE /* AppDelegate.h */ = {isa = PBXFileReference; lastKnownFileType = sourcecode.c.h; path = AppDelegate.h; sourceTree = "<group>"; };
		EEE30DD11DDB88A2004172AE /* AppDelegate.m */ = {isa = PBXFileReference; lastKnownFileType = sourcecode.c.objc; path = AppDelegate.m; sourceTree = "<group>"; };
		EEE30DD31DDB88A2004172AE /* ViewController.h */ = {isa = PBXFileReference; lastKnownFileType = sourcecode.c.h; path = ViewController.h; sourceTree = "<group>"; };
		EEE30DD41DDB88A2004172AE /* ViewController.m */ = {isa = PBXFileReference; lastKnownFileType = sourcecode.c.objc; path = ViewController.m; sourceTree = "<group>"; };
		EEE30DD71DDB88A2004172AE /* Base */ = {isa = PBXFileReference; lastKnownFileType = file.storyboard; name = Base; path = Base.lproj/Main.storyboard; sourceTree = "<group>"; };
		EEE30DD91DDB88A2004172AE /* Assets.xcassets */ = {isa = PBXFileReference; lastKnownFileType = folder.assetcatalog; path = Assets.xcassets; sourceTree = "<group>"; };
		EEE30DDC1DDB88A2004172AE /* Base */ = {isa = PBXFileReference; lastKnownFileType = file.storyboard; name = Base; path = Base.lproj/LaunchScreen.storyboard; sourceTree = "<group>"; };
		EEE30DDE1DDB88A2004172AE /* Info.plist */ = {isa = PBXFileReference; lastKnownFileType = text.plist.xml; path = Info.plist; sourceTree = "<group>"; };
/* End PBXFileReference section */

/* Begin PBXFrameworksBuildPhase section */
		EEE30DC71DDB88A2004172AE /* Frameworks */ = {
			isa = PBXFrameworksBuildPhase;
			buildActionMask = 2147483647;
			files = (
			);
			runOnlyForDeploymentPostprocessing = 0;
		};
/* End PBXFrameworksBuildPhase section */

/* Begin PBXGroup section */
		EEE30DC11DDB88A2004172AE = {
			isa = PBXGroup;
			children = (
				EEE30DCC1DDB88A2004172AE /* Acronym */,
				EEE30DCB1DDB88A2004172AE /* Products */,
			);
			sourceTree = "<group>";
		};
		EEE30DCB1DDB88A2004172AE /* Products */ = {
			isa = PBXGroup;
			children = (
				EEE30DCA1DDB88A2004172AE /* Acronym.app */,
			);
			name = Products;
			sourceTree = "<group>";
		};
		EEE30DCC1DDB88A2004172AE /* Acronym */ = {
			isa = PBXGroup;
			children = (
				EEE30DD01DDB88A2004172AE /* AppDelegate.h */,
				EEE30DD11DDB88A2004172AE /* AppDelegate.m */,
				EEE30DD31DDB88A2004172AE /* ViewController.h */,
				EEE30DD41DDB88A2004172AE /* ViewController.m */,
				EEE30DD61DDB88A2004172AE /* Main.storyboard */,
				EEE30DD91DDB88A2004172AE /* Assets.xcassets */,
				EEE30DDB1DDB88A2004172AE /* LaunchScreen.storyboard */,
				EEE30DDE1DDB88A2004172AE /* Info.plist */,
				EEE30DCD1DDB88A2004172AE /* Supporting Files */,
			);
			path = Acronym;
			sourceTree = "<group>";
		};
		EEE30DCD1DDB88A2004172AE /* Supporting Files */ = {
			isa = PBXGroup;
			children = (
				EEE30DCE1DDB88A2004172AE /* main.m */,
			);
			name = "Supporting Files";
			sourceTree = "<group>";
		};
/* End PBXGroup section */

/* Begin PBXNativeTarget section */
		EEE30DC91DDB88A2004172AE /* Acronym */ = {
			isa = PBXNativeTarget;
			buildConfigurationList = EEE30DE11DDB88A3004172AE /* Build configuration list for PBXNativeTarget "Acronym" */;
			buildPhases = (
				EEE30DC61DDB88A2004172AE /* Sources */,
				EEE30DC71DDB88A2004172AE /* Frameworks */,
				EEE30DC81DDB88A2004172AE /* Resources */,
			);
			buildRules = (
			);
			dependencies = (
			);
			name = Acronym;
			productName = Acronym;
			productReference = EEE30DCA1DDB88A2004172AE /* Acronym.app */;
			productType = "com.apple.product-type.application";
		};
/* End PBXNativeTarget section */

/* Begin PBXProject section */
		EEE30DC21DDB88A2004172AE /* Project object */ = {
			isa = PBXProject;
			attributes = {
				LastUpgradeCheck = 0810;
				ORGANIZATIONNAME = "Vijay Jain";
				TargetAttributes = {
					EEE30DC91DDB88A2004172AE = {
						CreatedOnToolsVersion = 8.1;
						DevelopmentTeam = DTN6V5NR4X;
						ProvisioningStyle = Automatic;
					};
				};
			};
			buildConfigurationList = EEE30DC51DDB88A2004172AE /* Build configuration list for PBXProject "Acronym" */;
			compatibilityVersion = "Xcode 3.2";
			developmentRegion = English;
			hasScannedForEncodings = 0;
			knownRegions = (
				en,
				Base,
			);
			mainGroup = EEE30DC11DDB88A2004172AE;
			productRefGroup = EEE30DCB1DDB88A2004172AE /* Products */;
			projectDirPath = "";
			projectRoot = "";
			targets = (
				EEE30DC91DDB88A2004172AE /* Acronym */,
			);
		};
/* End PBXProject section */

/* Begin PBXResourcesBuildPhase section */
		EEE30DC81DDB88A2004172AE /* Resources */ = {
			isa = PBXResourcesBuildPhase;
			buildActionMask = 2147483647;
			files = (
				EEE30DDD1DDB88A2004172AE /* LaunchScreen.storyboard in Resources */,
				EEE30DDA1DDB88A2004172AE /* Assets.xcassets in Resources */,
				EEE30DD81DDB88A2004172AE /* Main.storyboard in Resources */,
			);
			runOnlyForDeploymentPostprocessing = 0;
		};
/* End PBXResourcesBuildPhase section */

/* Begin PBXSourcesBuildPhase section */
		EEE30DC61DDB88A2004172AE /* Sources */ = {
			isa = PBXSourcesBuildPhase;
			buildActionMask = 2147483647;
			files = (
				EEE30DD51DDB88A2004172AE /* ViewController.m in Sources */,
				EEE30DD21DDB88A2004172AE /* AppDelegate.m in Sources */,
				EEE30DCF1DDB88A2004172AE /* main.m in Sources */,
			);
			runOnlyForDeploymentPostprocessing = 0;
		};
/* End PBXSourcesBuildPhase section */

/* Begin PBXVariantGroup section */
		EEE30DD61DDB88A2004172AE /* Main.storyboard */ = {
			isa = PBXVariantGroup;
			children = (
				EEE30DD71DDB88A2004172AE /* Base */,
			);
			name = Main.storyboard;
			sourceTree = "<group>";
		};
		EEE30DDB1DDB88A2004172AE /* LaunchScreen.storyboard */ = {
			isa = PBXVariantGroup;
			children = (
				EEE30DDC1DDB88A2004172AE /* Base */,
			);
			name = LaunchScreen.storyboard;
			sourceTree = "<group>";
		};
/* End PBXVariantGroup section */

/* Begin XCBuildConfiguration section */
		EEE30DDF1DDB88A3004172AE /* Debug */ = {
			isa = XCBuildConfiguration;
			buildSettings = {
				ALWAYS_SEARCH_USER_PATHS = NO;
				CLANG_ANALYZER_NONNULL = YES;
				CLANG_CXX_LANGUAGE_STANDARD = "gnu++0x";
				CLANG_CXX_LIBRARY = "libc++";
				CLANG_ENABLE_MODULES = YES;
				CLANG_ENABLE_OBJC_ARC = YES;
				CLANG_WARN_BOOL_CONVERSION = YES;
				CLANG_WARN_CONSTANT_CONVERSION = YES;
				CLANG_WARN_DIRECT_OBJC_ISA_USAGE = YES_ERROR;
				CLANG_WARN_DOCUMENTATION_COMMENTS = YES;
				CLANG_WARN_EMPTY_BODY = YES;
				CLANG_WARN_ENUM_CONVERSION = YES;
				CLANG_WARN_INFINITE_RECURSION = YES;
				CLANG_WARN_INT_CONVERSION = YES;
				CLANG_WARN_OBJC_ROOT_CLASS = YES_ERROR;
				CLANG_WARN_SUSPICIOUS_MOVES = YES;
				CLANG_WARN_UNREACHABLE_CODE = YES;
				CLANG_WARN__DUPLICATE_METHOD_MATCH = YES;
				"CODE_SIGN_IDENTITY[sdk=iphoneos*]" = "iPhone Developer";
				COPY_PHASE_STRIP = NO;
				DEBUG_INFORMATION_FORMAT = dwarf;
				ENABLE_STRICT_OBJC_MSGSEND = YES;
				ENABLE_TESTABILITY = YES;
				GCC_C_LANGUAGE_STANDARD = gnu99;
				GCC_DYNAMIC_NO_PIC = NO;
				GCC_NO_COMMON_BLOCKS = YES;
				GCC_OPTIMIZATION_LEVEL = 0;
				GCC_PREPROCESSOR_DEFINITIONS = (
					"DEBUG=1",
					"$(inherited)",
				);
				GCC_WARN_64_TO_32_BIT_CONVERSION = YES;
				GCC_WARN_ABOUT_RETURN_TYPE = YES_ERROR;
				GCC_WARN_UNDECLARED_SELECTOR = YES;
				GCC_WARN_UNINITIALIZED_AUTOS = YES_AGGRESSIVE;
				GCC_WARN_UNUSED_FUNCTION = YES;
				GCC_WARN_UNUSED_VARIABLE = YES;
				IPHONEOS_DEPLOYMENT_TARGET = 10.1;
				MTL_ENABLE_DEBUG_INFO = YES;
				ONLY_ACTIVE_ARCH = YES;
				SDKROOT = iphoneos;
			};
			name = Debug;
		};
		EEE30DE01DDB88A3004172AE /* Release */ = {
			isa = XCBuildConfiguration;
			buildSettings = {
				ALWAYS_SEARCH_USER_PATHS = NO;
				CLANG_ANALYZER_NONNULL = YES;
				CLANG_CXX_LANGUAGE_STANDARD = "gnu++0x";
				CLANG_CXX_LIBRARY = "libc++";
				CLANG_ENABLE_MODULES = YES;
				CLANG_ENABLE_OBJC_ARC = YES;
				CLANG_WARN_BOOL_CONVERSION = YES;
				CLANG_WARN_CONSTANT_CONVERSION = YES;
				CLANG_WARN_DIRECT_OBJC_ISA_USAGE = YES_ERROR;
				CLANG_WARN_DOCUMENTATION_COMMENTS = YES;
				CLANG_WARN_EMPTY_BODY = YES;
				CLANG_WARN_ENUM_CONVERSION = YES;
				CLANG_WARN_INFINITE_RECURSION = YES;
				CLANG_WARN_INT_CONVERSION = YES;
				CLANG_WARN_OBJC_ROOT_CLASS = YES_ERROR;
				CLANG_WARN_SUSPICIOUS_MOVES = YES;
				CLANG_WARN_UNREACHABLE_CODE = YES;
				CLANG_WARN__DUPLICATE_METHOD_MATCH = YES;
				"CODE_SIGN_IDENTITY[sdk=iphoneos*]" = "iPhone Developer";
				COPY_PHASE_STRIP = NO;
				DEBUG_INFORMATION_FORMAT = "dwarf-with-dsym";
				ENABLE_NS_ASSERTIONS = NO;
				ENABLE_STRICT_OBJC_MSGSEND = YES;
				GCC_C_LANGUAGE_STANDARD = gnu99;
				GCC_NO_COMMON_BLOCKS = YES;
				GCC_WARN_64_TO_32_BIT_CONVERSION = YES;
				GCC_WARN_ABOUT_RETURN_TYPE = YES_ERROR;
				GCC_WARN_UNDECLARED_SELECTOR = YES;
				GCC_WARN_UNINITIALIZED_AUTOS = YES_AGGRESSIVE;
				GCC_WARN_UNUSED_FUNCTION = YES;
				GCC_WARN_UNUSED_VARIABLE = YES;
				IPHONEOS_DEPLOYMENT_TARGET = 10.1;
				MTL_ENABLE_DEBUG_INFO = NO;
				SDKROOT = iphoneos;
				VALIDATE_PRODUCT = YES;
			};
			name = Release;
		};
		EEE30DE21DDB88A3004172AE /* Debug */ = {
			isa = XCBuildConfiguration;
			buildSettings = {
				ASSETCATALOG_COMPILER_APPICON_NAME = AppIcon;
				DEVELOPMENT_TEAM = DTN6V5NR4X;
				INFOPLIST_FILE = Acronym/Info.plist;
				LD_RUNPATH_SEARCH_PATHS = "$(inherited) @executable_path/Frameworks";
				PRODUCT_BUNDLE_IDENTIFIER = Macys.Acronym;
				PRODUCT_NAME = "$(TARGET_NAME)";
			};
			name = Debug;
		};
		EEE30DE31DDB88A3004172AE /* Release */ = {
			isa = XCBuildConfiguration;
			buildSettings = {
				ASSETCATALOG_COMPILER_APPICON_NAME = AppIcon;
				DEVELOPMENT_TEAM = DTN6V5NR4X;
				INFOPLIST_FILE = Acronym/Info.plist;
				LD_RUNPATH_SEARCH_PATHS = "$(inherited) @executable_path/Frameworks";
				PRODUCT_BUNDLE_IDENTIFIER = Macys.Acronym;
				PRODUCT_NAME = "$(TARGET_NAME)";
			};
			name = Release;
		};
/* End XCBuildConfiguration section */

/* Begin XCConfigurationList section */
		EEE30DC51DDB88A2004172AE /* Build configuration list for PBXProject "Acronym" */ = {
			isa = XCConfigurationList;
			buildConfigurations = (
				EEE30DDF1DDB88A3004172AE /* Debug */,
				EEE30DE01DDB88A3004172AE /* Release */,
			);
			defaultConfigurationIsVisible = 0;
			defaultConfigurationName = Release;
		};
		EEE30DE11DDB88A3004172AE /* Build configuration list for PBXNativeTarget "Acronym" */ = {
			isa = XCConfigurationList;
			buildConfigurations = (
				EEE30DE21DDB88A3004172AE /* Debug */,
				EEE30DE31DDB88A3004172AE /* Release */,
			);
			defaultConfigurationIsVisible = 0;
		};
/* End XCConfigurationList section */
	};
	rootObject = EEE30DC21DDB88A2004172AE /* Project object */;
}
